// !$*UTF8*$!
{
	archiveVersion = 1;
	classes = {
	};
	objectVersion = 56;
	objects = {

/* Begin PBXBuildFile section */
		447FA9012AB18361002CE516 /* TwitterAppApp.swift in Sources */ = {isa = PBXBuildFile; fileRef = 447FA9002AB18361002CE516 /* TwitterAppApp.swift */; };
		447FA9032AB18361002CE516 /* ContentView.swift in Sources */ = {isa = PBXBuildFile; fileRef = 447FA9022AB18361002CE516 /* ContentView.swift */; };
		447FA9052AB18362002CE516 /* Assets.xcassets in Resources */ = {isa = PBXBuildFile; fileRef = 447FA9042AB18362002CE516 /* Assets.xcassets */; };
		447FA9082AB18362002CE516 /* Preview Assets.xcassets in Resources */ = {isa = PBXBuildFile; fileRef = 447FA9072AB18362002CE516 /* Preview Assets.xcassets */; };
		447FA9182AB18510002CE516 /* FeedView.swift in Sources */ = {isa = PBXBuildFile; fileRef = 447FA9172AB18510002CE516 /* FeedView.swift */; };
		447FA91B2AB18888002CE516 /* TweetRowView.swift in Sources */ = {isa = PBXBuildFile; fileRef = 447FA91A2AB18888002CE516 /* TweetRowView.swift */; };
		447FA91E2AB19210002CE516 /* MainTabView.swift in Sources */ = {isa = PBXBuildFile; fileRef = 447FA91D2AB19210002CE516 /* MainTabView.swift */; };
		447FA9242AB194BF002CE516 /* ExploreView.swift in Sources */ = {isa = PBXBuildFile; fileRef = 447FA9232AB194BF002CE516 /* ExploreView.swift */; };
		447FA9262AB19523002CE516 /* NotificationsView.swift in Sources */ = {isa = PBXBuildFile; fileRef = 447FA9252AB19523002CE516 /* NotificationsView.swift */; };
		447FA9282AB19577002CE516 /* MessagesView.swift in Sources */ = {isa = PBXBuildFile; fileRef = 447FA9272AB19577002CE516 /* MessagesView.swift */; };
/* End PBXBuildFile section */

/* Begin PBXFileReference section */
		447FA8FD2AB18361002CE516 /* TwitterApp.app */ = {isa = PBXFileReference; explicitFileType = wrapper.application; includeInIndex = 0; path = TwitterApp.app; sourceTree = BUILT_PRODUCTS_DIR; };
		447FA9002AB18361002CE516 /* TwitterAppApp.swift */ = {isa = PBXFileReference; lastKnownFileType = sourcecode.swift; path = TwitterAppApp.swift; sourceTree = "<group>"; };
		447FA9022AB18361002CE516 /* ContentView.swift */ = {isa = PBXFileReference; lastKnownFileType = sourcecode.swift; path = ContentView.swift; sourceTree = "<group>"; };
		447FA9042AB18362002CE516 /* Assets.xcassets */ = {isa = PBXFileReference; lastKnownFileType = folder.assetcatalog; path = Assets.xcassets; sourceTree = "<group>"; };
		447FA9072AB18362002CE516 /* Preview Assets.xcassets */ = {isa = PBXFileReference; lastKnownFileType = folder.assetcatalog; path = "Preview Assets.xcassets"; sourceTree = "<group>"; };
		447FA9172AB18510002CE516 /* FeedView.swift */ = {isa = PBXFileReference; lastKnownFileType = sourcecode.swift; path = FeedView.swift; sourceTree = "<group>"; };
		447FA91A2AB18888002CE516 /* TweetRowView.swift */ = {isa = PBXFileReference; lastKnownFileType = sourcecode.swift; path = TweetRowView.swift; sourceTree = "<group>"; };
		447FA91D2AB19210002CE516 /* MainTabView.swift */ = {isa = PBXFileReference; lastKnownFileType = sourcecode.swift; path = MainTabView.swift; sourceTree = "<group>"; };
		447FA9232AB194BF002CE516 /* ExploreView.swift */ = {isa = PBXFileReference; lastKnownFileType = sourcecode.swift; path = ExploreView.swift; sourceTree = SOURCE_ROOT; };
		447FA9252AB19523002CE516 /* NotificationsView.swift */ = {isa = PBXFileReference; lastKnownFileType = sourcecode.swift; path = NotificationsView.swift; sourceTree = "<group>"; };
		447FA9272AB19577002CE516 /* MessagesView.swift */ = {isa = PBXFileReference; lastKnownFileType = sourcecode.swift; path = MessagesView.swift; sourceTree = "<group>"; };
/* End PBXFileReference section */

/* Begin PBXFrameworksBuildPhase section */
		447FA8FA2AB18361002CE516 /* Frameworks */ = {
			isa = PBXFrameworksBuildPhase;
			buildActionMask = 2147483647;
			files = (
			);
			runOnlyForDeploymentPostprocessing = 0;
		};
/* End PBXFrameworksBuildPhase section */

/* Begin PBXGroup section */
		447FA8F42AB18361002CE516 = {
			isa = PBXGroup;
			children = (
				447FA8FF2AB18361002CE516 /* TwitterApp */,
				447FA8FE2AB18361002CE516 /* Products */,
			);
			sourceTree = "<group>";
		};
		447FA8FE2AB18361002CE516 /* Products */ = {
			isa = PBXGroup;
			children = (
				447FA8FD2AB18361002CE516 /* TwitterApp.app */,
			);
			name = Products;
			sourceTree = "<group>";
		};
		447FA8FF2AB18361002CE516 /* TwitterApp */ = {
			isa = PBXGroup;
			children = (
				447FA9122AB183E1002CE516 /* Extentions */,
				447FA9112AB183DE002CE516 /* Model */,
				447FA9102AB183DA002CE516 /* Service */,
				447FA90E2AB183AF002CE516 /* Core */,
				447FA9002AB18361002CE516 /* TwitterAppApp.swift */,
				447FA9022AB18361002CE516 /* ContentView.swift */,
				447FA9042AB18362002CE516 /* Assets.xcassets */,
				447FA9062AB18362002CE516 /* Preview Content */,
			);
			path = TwitterApp;
			sourceTree = "<group>";
		};
		447FA9062AB18362002CE516 /* Preview Content */ = {
			isa = PBXGroup;
			children = (
				447FA9072AB18362002CE516 /* Preview Assets.xcassets */,
			);
			path = "Preview Content";
			sourceTree = "<group>";
		};
		447FA90E2AB183AF002CE516 /* Core */ = {
			isa = PBXGroup;
			children = (
				447FA9132AB18432002CE516 /* Components */,
				447FA9222AB19473002CE516 /* Profile */,
				447FA91F2AB19401002CE516 /* Explore */,
				447FA9212AB19409002CE516 /* NotificationsView */,
				447FA9202AB19405002CE516 /* Messages */,
				447FA91C2AB1918E002CE516 /* MainTab */,
				447FA9142AB18468002CE516 /* Feed */,
			);
			path = Core;
			sourceTree = "<group>";
		};
		447FA9102AB183DA002CE516 /* Service */ = {
			isa = PBXGroup;
			children = (
			);
			path = Service;
			sourceTree = "<group>";
		};
		447FA9112AB183DE002CE516 /* Model */ = {
			isa = PBXGroup;
			children = (
			);
			path = Model;
			sourceTree = "<group>";
		};
		447FA9122AB183E1002CE516 /* Extentions */ = {
			isa = PBXGroup;
			children = (
			);
			path = Extentions;
			sourceTree = "<group>";
		};
		447FA9132AB18432002CE516 /* Components */ = {
			isa = PBXGroup;
			children = (
				447FA9192AB18831002CE516 /* Tweets */,
			);
			path = Components;
			sourceTree = "<group>";
		};
		447FA9142AB18468002CE516 /* Feed */ = {
			isa = PBXGroup;
			children = (
				447FA9152AB184BF002CE516 /* ViewModels */,
				447FA9162AB184D6002CE516 /* View */,
			);
			path = Feed;
			sourceTree = "<group>";
		};
		447FA9152AB184BF002CE516 /* ViewModels */ = {
			isa = PBXGroup;
			children = (
			);
			path = ViewModels;
			sourceTree = "<group>";
		};
		447FA9162AB184D6002CE516 /* View */ = {
			isa = PBXGroup;
			children = (
				447FA9172AB18510002CE516 /* FeedView.swift */,
			);
			path = View;
			sourceTree = "<group>";
		};
		447FA9192AB18831002CE516 /* Tweets */ = {
			isa = PBXGroup;
			children = (
				447FA91A2AB18888002CE516 /* TweetRowView.swift */,
			);
			path = Tweets;
			sourceTree = "<group>";
		};
		447FA91C2AB1918E002CE516 /* MainTab */ = {
			isa = PBXGroup;
			children = (
				447FA91D2AB19210002CE516 /* MainTabView.swift */,
			);
			path = MainTab;
			sourceTree = "<group>";
		};
		447FA91F2AB19401002CE516 /* Explore */ = {
			isa = PBXGroup;
			children = (
				447FA9232AB194BF002CE516 /* ExploreView.swift */,
			);
			name = Explore;
			path = "New Group/Explore";
			sourceTree = "<group>";
		};
		447FA9202AB19405002CE516 /* Messages */ = {
			isa = PBXGroup;
			children = (
				447FA9272AB19577002CE516 /* MessagesView.swift */,
			);
			path = Messages;
			sourceTree = "<group>";
		};
		447FA9212AB19409002CE516 /* NotificationsView */ = {
			isa = PBXGroup;
			children = (
				447FA9252AB19523002CE516 /* NotificationsView.swift */,
			);
			path = NotificationsView;
			sourceTree = "<group>";
		};
		447FA9222AB19473002CE516 /* Profile */ = {
			isa = PBXGroup;
			children = (
			);
			path = Profile;
			sourceTree = "<group>";
		};
/* End PBXGroup section */

/* Begin PBXNativeTarget section */
		447FA8FC2AB18361002CE516 /* TwitterApp */ = {
			isa = PBXNativeTarget;
			buildConfigurationList = 447FA90B2AB18362002CE516 /* Build configuration list for PBXNativeTarget "TwitterApp" */;
			buildPhases = (
				447FA8F92AB18361002CE516 /* Sources */,
				447FA8FA2AB18361002CE516 /* Frameworks */,
				447FA8FB2AB18361002CE516 /* Resources */,
			);
			buildRules = (
			);
			dependencies = (
			);
			name = TwitterApp;
			productName = TwitterApp;
			productReference = 447FA8FD2AB18361002CE516 /* TwitterApp.app */;
			productType = "com.apple.product-type.application";
		};
/* End PBXNativeTarget section */

/* Begin PBXProject section */
		447FA8F52AB18361002CE516 /* Project object */ = {
			isa = PBXProject;
			attributes = {
				BuildIndependentTargetsInParallel = 1;
				LastSwiftUpdateCheck = 1430;
				LastUpgradeCheck = 1430;
				TargetAttributes = {
					447FA8FC2AB18361002CE516 = {
						CreatedOnToolsVersion = 14.3.1;
					};
				};
			};
			buildConfigurationList = 447FA8F82AB18361002CE516 /* Build configuration list for PBXProject "TwitterApp" */;
			compatibilityVersion = "Xcode 14.0";
			developmentRegion = en;
			hasScannedForEncodings = 0;
			knownRegions = (
				en,
				Base,
			);
			mainGroup = 447FA8F42AB18361002CE516;
			productRefGroup = 447FA8FE2AB18361002CE516 /* Products */;
			projectDirPath = "";
			projectRoot = "";
			targets = (
				447FA8FC2AB18361002CE516 /* TwitterApp */,
			);
		};
/* End PBXProject section */

/* Begin PBXResourcesBuildPhase section */
		447FA8FB2AB18361002CE516 /* Resources */ = {
			isa = PBXResourcesBuildPhase;
			buildActionMask = 2147483647;
			files = (
				447FA9082AB18362002CE516 /* Preview Assets.xcassets in Resources */,
				447FA9052AB18362002CE516 /* Assets.xcassets in Resources */,
			);
			runOnlyForDeploymentPostprocessing = 0;
		};
/* End PBXResourcesBuildPhase section */

/* Begin PBXSourcesBuildPhase section */
		447FA8F92AB18361002CE516 /* Sources */ = {
			isa = PBXSourcesBuildPhase;
			buildActionMask = 2147483647;
			files = (
				447FA9282AB19577002CE516 /* MessagesView.swift in Sources */,
				447FA9032AB18361002CE516 /* ContentView.swift in Sources */,
				447FA91B2AB18888002CE516 /* TweetRowView.swift in Sources */,
				447FA9182AB18510002CE516 /* FeedView.swift in Sources */,
				447FA9012AB18361002CE516 /* TwitterAppApp.swift in Sources */,
				447FA9242AB194BF002CE516 /* ExploreView.swift in Sources */,
				447FA91E2AB19210002CE516 /* MainTabView.swift in Sources */,
				447FA9262AB19523002CE516 /* NotificationsView.swift in Sources */,
			);
			runOnlyForDeploymentPostprocessing = 0;
		};
/* End PBXSourcesBuildPhase section */

/* Begin XCBuildConfiguration section */
		447FA9092AB18362002CE516 /* Debug */ = {
			isa = XCBuildConfiguration;
			buildSettings = {
				ALWAYS_SEARCH_USER_PATHS = NO;
				CLANG_ANALYZER_NONNULL = YES;
				CLANG_ANALYZER_NUMBER_OBJECT_CONVERSION = YES_AGGRESSIVE;
				CLANG_CXX_LANGUAGE_STANDARD = "gnu++20";
				CLANG_ENABLE_MODULES = YES;
				CLANG_ENABLE_OBJC_ARC = YES;
				CLANG_ENABLE_OBJC_WEAK = YES;
				CLANG_WARN_BLOCK_CAPTURE_AUTORELEASING = YES;
				CLANG_WARN_BOOL_CONVERSION = YES;
				CLANG_WARN_COMMA = YES;
				CLANG_WARN_CONSTANT_CONVERSION = YES;
				CLANG_WARN_DEPRECATED_OBJC_IMPLEMENTATIONS = YES;
				CLANG_WARN_DIRECT_OBJC_ISA_USAGE = YES_ERROR;
				CLANG_WARN_DOCUMENTATION_COMMENTS = YES;
				CLANG_WARN_EMPTY_BODY = YES;
				CLANG_WARN_ENUM_CONVERSION = YES;
				CLANG_WARN_INFINITE_RECURSION = YES;
				CLANG_WARN_INT_CONVERSION = YES;
				CLANG_WARN_NON_LITERAL_NULL_CONVERSION = YES;
				CLANG_WARN_OBJC_IMPLICIT_RETAIN_SELF = YES;
				CLANG_WARN_OBJC_LITERAL_CONVERSION = YES;
				CLANG_WARN_OBJC_ROOT_CLASS = YES_ERROR;
				CLANG_WARN_QUOTED_INCLUDE_IN_FRAMEWORK_HEADER = YES;
				CLANG_WARN_RANGE_LOOP_ANALYSIS = YES;
				CLANG_WARN_STRICT_PROTOTYPES = YES;
				CLANG_WARN_SUSPICIOUS_MOVE = YES;
				CLANG_WARN_UNGUARDED_AVAILABILITY = YES_AGGRESSIVE;
				CLANG_WARN_UNREACHABLE_CODE = YES;
				CLANG_WARN__DUPLICATE_METHOD_MATCH = YES;
				COPY_PHASE_STRIP = NO;
				DEBUG_INFORMATION_FORMAT = dwarf;
				ENABLE_STRICT_OBJC_MSGSEND = YES;
				ENABLE_TESTABILITY = YES;
				GCC_C_LANGUAGE_STANDARD = gnu11;
				GCC_DYNAMIC_NO_PIC = NO;
				GCC_NO_COMMON_BLOCKS = YES;
				GCC_OPTIMIZATION_LEVEL = 0;
				GCC_PREPROCESSOR_DEFINITIONS = (
					"DEBUG=1",
					"$(inherited)",
				);
				GCC_WARN_64_TO_32_BIT_CONVERSION = YES;
				GCC_WARN_ABOUT_RETURN_TYPE = YES_ERROR;
				GCC_WARN_UNDECLARED_SELECTOR = YES;
				GCC_WARN_UNINITIALIZED_AUTOS = YES_AGGRESSIVE;
				GCC_WARN_UNUSED_FUNCTION = YES;
				GCC_WARN_UNUSED_VARIABLE = YES;
				IPHONEOS_DEPLOYMENT_TARGET = 16.4;
				MTL_ENABLE_DEBUG_INFO = INCLUDE_SOURCE;
				MTL_FAST_MATH = YES;
				ONLY_ACTIVE_ARCH = YES;
				SDKROOT = iphoneos;
				SWIFT_ACTIVE_COMPILATION_CONDITIONS = DEBUG;
				SWIFT_OPTIMIZATION_LEVEL = "-Onone";
			};
			name = Debug;
		};
		447FA90A2AB18362002CE516 /* Release */ = {
			isa = XCBuildConfiguration;
			buildSettings = {
				ALWAYS_SEARCH_USER_PATHS = NO;
				CLANG_ANALYZER_NONNULL = YES;
				CLANG_ANALYZER_NUMBER_OBJECT_CONVERSION = YES_AGGRESSIVE;
				CLANG_CXX_LANGUAGE_STANDARD = "gnu++20";
				CLANG_ENABLE_MODULES = YES;
				CLANG_ENABLE_OBJC_ARC = YES;
				CLANG_ENABLE_OBJC_WEAK = YES;
				CLANG_WARN_BLOCK_CAPTURE_AUTORELEASING = YES;
				CLANG_WARN_BOOL_CONVERSION = YES;
				CLANG_WARN_COMMA = YES;
				CLANG_WARN_CONSTANT_CONVERSION = YES;
				CLANG_WARN_DEPRECATED_OBJC_IMPLEMENTATIONS = YES;
				CLANG_WARN_DIRECT_OBJC_ISA_USAGE = YES_ERROR;
				CLANG_WARN_DOCUMENTATION_COMMENTS = YES;
				CLANG_WARN_EMPTY_BODY = YES;
				CLANG_WARN_ENUM_CONVERSION = YES;
				CLANG_WARN_INFINITE_RECURSION = YES;
				CLANG_WARN_INT_CONVERSION = YES;
				CLANG_WARN_NON_LITERAL_NULL_CONVERSION = YES;
				CLANG_WARN_OBJC_IMPLICIT_RETAIN_SELF = YES;
				CLANG_WARN_OBJC_LITERAL_CONVERSION = YES;
				CLANG_WARN_OBJC_ROOT_CLASS = YES_ERROR;
				CLANG_WARN_QUOTED_INCLUDE_IN_FRAMEWORK_HEADER = YES;
				CLANG_WARN_RANGE_LOOP_ANALYSIS = YES;
				CLANG_WARN_STRICT_PROTOTYPES = YES;
				CLANG_WARN_SUSPICIOUS_MOVE = YES;
				CLANG_WARN_UNGUARDED_AVAILABILITY = YES_AGGRESSIVE;
				CLANG_WARN_UNREACHABLE_CODE = YES;
				CLANG_WARN__DUPLICATE_METHOD_MATCH = YES;
				COPY_PHASE_STRIP = NO;
				DEBUG_INFORMATION_FORMAT = "dwarf-with-dsym";
				ENABLE_NS_ASSERTIONS = NO;
				ENABLE_STRICT_OBJC_MSGSEND = YES;
				GCC_C_LANGUAGE_STANDARD = gnu11;
				GCC_NO_COMMON_BLOCKS = YES;
				GCC_WARN_64_TO_32_BIT_CONVERSION = YES;
				GCC_WARN_ABOUT_RETURN_TYPE = YES_ERROR;
				GCC_WARN_UNDECLARED_SELECTOR = YES;
				GCC_WARN_UNINITIALIZED_AUTOS = YES_AGGRESSIVE;
				GCC_WARN_UNUSED_FUNCTION = YES;
				GCC_WARN_UNUSED_VARIABLE = YES;
				IPHONEOS_DEPLOYMENT_TARGET = 16.4;
				MTL_ENABLE_DEBUG_INFO = NO;
				MTL_FAST_MATH = YES;
				SDKROOT = iphoneos;
				SWIFT_COMPILATION_MODE = wholemodule;
				SWIFT_OPTIMIZATION_LEVEL = "-O";
				VALIDATE_PRODUCT = YES;
			};
			name = Release;
		};
		447FA90C2AB18362002CE516 /* Debug */ = {
			isa = XCBuildConfiguration;
			buildSettings = {
				ASSETCATALOG_COMPILER_APPICON_NAME = AppIcon;
				ASSETCATALOG_COMPILER_GLOBAL_ACCENT_COLOR_NAME = AccentColor;
				CODE_SIGN_STYLE = Automatic;
				CURRENT_PROJECT_VERSION = 1;
				DEVELOPMENT_ASSET_PATHS = "\"TwitterApp/Preview Content\"";
				ENABLE_PREVIEWS = YES;
				GENERATE_INFOPLIST_FILE = YES;
				INFOPLIST_KEY_UIApplicationSceneManifest_Generation = YES;
				INFOPLIST_KEY_UIApplicationSupportsIndirectInputEvents = YES;
				INFOPLIST_KEY_UILaunchScreen_Generation = YES;
				INFOPLIST_KEY_UISupportedInterfaceOrientations_iPad = "UIInterfaceOrientationPortrait UIInterfaceOrientationPortraitUpsideDown UIInterfaceOrientationLandscapeLeft UIInterfaceOrientationLandscapeRight";
				INFOPLIST_KEY_UISupportedInterfaceOrientations_iPhone = "UIInterfaceOrientationPortrait UIInterfaceOrientationLandscapeLeft UIInterfaceOrientationLandscapeRight";
				LD_RUNPATH_SEARCH_PATHS = (
					"$(inherited)",
					"@executable_path/Frameworks",
				);
				MARKETING_VERSION = 1.0;
				PRODUCT_BUNDLE_IDENTIFIER = com.kyohei.TwitterApp;
				PRODUCT_NAME = "$(TARGET_NAME)";
				SWIFT_EMIT_LOC_STRINGS = YES;
				SWIFT_VERSION = 5.0;
				TARGETED_DEVICE_FAMILY = "1,2";
			};
			name = Debug;
		};
		447FA90D2AB18362002CE516 /* Release */ = {
			isa = XCBuildConfiguration;
			buildSettings = {
				ASSETCATALOG_COMPILER_APPICON_NAME = AppIcon;
				ASSETCATALOG_COMPILER_GLOBAL_ACCENT_COLOR_NAME = AccentColor;
				CODE_SIGN_STYLE = Automatic;
				CURRENT_PROJECT_VERSION = 1;
				DEVELOPMENT_ASSET_PATHS = "\"TwitterApp/Preview Content\"";
				ENABLE_PREVIEWS = YES;
				GENERATE_INFOPLIST_FILE = YES;
				INFOPLIST_KEY_UIApplicationSceneManifest_Generation = YES;
				INFOPLIST_KEY_UIApplicationSupportsIndirectInputEvents = YES;
				INFOPLIST_KEY_UILaunchScreen_Generation = YES;
				INFOPLIST_KEY_UISupportedInterfaceOrientations_iPad = "UIInterfaceOrientationPortrait UIInterfaceOrientationPortraitUpsideDown UIInterfaceOrientationLandscapeLeft UIInterfaceOrientationLandscapeRight";
				INFOPLIST_KEY_UISupportedInterfaceOrientations_iPhone = "UIInterfaceOrientationPortrait UIInterfaceOrientationLandscapeLeft UIInterfaceOrientationLandscapeRight";
				LD_RUNPATH_SEARCH_PATHS = (
					"$(inherited)",
					"@executable_path/Frameworks",
				);
				MARKETING_VERSION = 1.0;
				PRODUCT_BUNDLE_IDENTIFIER = com.kyohei.TwitterApp;
				PRODUCT_NAME = "$(TARGET_NAME)";
				SWIFT_EMIT_LOC_STRINGS = YES;
				SWIFT_VERSION = 5.0;
				TARGETED_DEVICE_FAMILY = "1,2";
			};
			name = Release;
		};
/* End XCBuildConfiguration section */

/* Begin XCConfigurationList section */
		447FA8F82AB18361002CE516 /* Build configuration list for PBXProject "TwitterApp" */ = {
			isa = XCConfigurationList;
			buildConfigurations = (
				447FA9092AB18362002CE516 /* Debug */,
				447FA90A2AB18362002CE516 /* Release */,
			);
			defaultConfigurationIsVisible = 0;
			defaultConfigurationName = Release;
		};
		447FA90B2AB18362002CE516 /* Build configuration list for PBXNativeTarget "TwitterApp" */ = {
			isa = XCConfigurationList;
			buildConfigurations = (
				447FA90C2AB18362002CE516 /* Debug */,
				447FA90D2AB18362002CE516 /* Release */,
			);
			defaultConfigurationIsVisible = 0;
			defaultConfigurationName = Release;
		};
/* End XCConfigurationList section */
	};
	rootObject = 447FA8F52AB18361002CE516 /* Project object */;
}
